<Solution>
  <Folder Name="/L00-start-here/">
    <Project Path="levels/L00-start-here/solutions/L0-01-activity-feed/L0-01-activity-feed.csproj" />
  </Folder>
  <Folder Name="/L01-hot-spots/">
    <Project Path="levels/L01-hot-spots/solutions/L1-01-invoice-export/L1-01-invoice-export.csproj" />
    <Project Path="levels/L01-hot-spots/solutions/L1-02-contact-import/L1-02-contact-import.csproj" />
    <Project Path="levels/L01-hot-spots/solutions/L1-03-log-classifier/L1-03-log-classifier.csproj" />
    <Project Path="levels/L01-hot-spots/solutions/L1-04-quantity-parsing/L1-04-quantity-parsing.csproj" />
    <Project Path="levels/L01-hot-spots/solutions/L1-05-customer-dashboard/L1-05-customer-dashboard.csproj" />
    <Project Path="levels/L01-hot-spots/solutions/L1-06-leaderboard/L1-06-leaderboard.csproj" />
    <Project Path="levels/L01-hot-spots/solutions/L1-07-field-reader/L1-07-field-reader.csproj" />
    <Project Path="levels/L01-hot-spots/solutions/L1-boss-order-ledger/L1-boss-order-ledger.csproj" />
  </Folder>
  <Folder Name="/L02-allocations/">
    <Project Path="levels/L02-allocations/solutions/L2-01-metrics-boxing/L2-01-metrics-boxing.csproj" />
    <Project Path="levels/L02-allocations/solutions/L2-02-order-lines/L2-02-order-lines.csproj" />
    <Project Path="levels/L02-allocations/solutions/L2-03-page-renderer/L2-03-page-renderer.csproj" />
    <Project Path="levels/L02-allocations/solutions/L2-04-tile-cache/L2-04-tile-cache.csproj" />
    <Project Path="levels/L02-allocations/solutions/L2-05-price-lookup/L2-05-price-lookup.csproj" />
    <Project Path="levels/L02-allocations/solutions/L2-06-log-classifier-2/L2-06-log-classifier-2.csproj" />
    <Project Path="levels/L02-allocations/solutions/L2-07-route-stats/L2-07-route-stats.csproj" />
    <Project Path="levels/L02-allocations/solutions/L2-08-small-sums/L2-08-small-sums.csproj" />
    <Project Path="levels/L02-allocations/solutions/L2-09-case-lookup/L2-09-case-lookup.csproj" />
    <Project Path="levels/L02-allocations/solutions/L2-boss-shipment-manifest/L2-boss-shipment-manifest.csproj" />
  </Folder>
  <Folder Name="/L03-leaks/">
    <Project Path="levels/L03-leaks/solutions/L3-01-event-hub/L3-01-event-hub.csproj" />
    <Project Path="levels/L03-leaks/solutions/L3-02-session-cache/L3-02-session-cache.csproj" />
    <Project Path="levels/L03-leaks/solutions/L3-03-price-ticker/L3-03-price-ticker.csproj" />
    <Project Path="levels/L03-leaks/solutions/L3-04-batch-report/L3-04-batch-report.csproj" />
    <Project Path="levels/L03-leaks/solutions/L3-05-tag-registry/L3-05-tag-registry.csproj" />
    <Project Path="levels/L03-leaks/solutions/L3-06-callback-registry/L3-06-callback-registry.csproj" />
    <Project Path="levels/L03-leaks/solutions/L3-boss-session-gateway/L3-boss-session-gateway.csproj" />
  </Folder>
  <Folder Name="/L04-async-concurrency/">
    <Project Path="levels/L04-async-concurrency/solutions/L4-01-sync-over-async/L4-01-sync-over-async.csproj" />
    <Project Path="levels/L04-async-concurrency/solutions/L4-02-latency-stats/L4-02-latency-stats.csproj" />
    <Project Path="levels/L04-async-concurrency/solutions/L4-03-fan-out/L4-03-fan-out.csproj" />
    <Project Path="levels/L04-async-concurrency/solutions/L4-04-config-cache/L4-04-config-cache.csproj" />
    <Project Path="levels/L04-async-concurrency/solutions/L4-05-order-pipeline/L4-05-order-pipeline.csproj" />
    <Project Path="levels/L04-async-concurrency/solutions/L4-06-reference-data/L4-06-reference-data.csproj" />
    <Project Path="levels/L04-async-concurrency/solutions/L4-07-throttled-too-tight/L4-07-throttled-too-tight.csproj" />
    <Project Path="levels/L04-async-concurrency/solutions/L4-boss-notification-hub/L4-boss-notification-hub.csproj" />
  </Folder>
  <Folder Name="/L05-library-stack/">
    <Project Path="levels/L05-library-stack/solutions/L5-01-orders-n-plus-one/L5-01-orders-n-plus-one.csproj" />
    <Project Path="levels/L05-library-stack/solutions/L5-02-product-list/L5-02-product-list.csproj" />
    <Project Path="levels/L05-library-stack/solutions/L5-03-sku-totals/L5-03-sku-totals.csproj" />
    <Project Path="levels/L05-library-stack/solutions/L5-04-http-client-per-call/L5-04-http-client-per-call.csproj" />
    <Project Path="levels/L05-library-stack/solutions/L5-05-json-response/L5-05-json-response.csproj" />
    <Project Path="levels/L05-library-stack/solutions/L5-06-log-noise/L5-06-log-noise.csproj" />
    <Project Path="levels/L05-library-stack/solutions/L5-07-audit-log/L5-07-audit-log.csproj" />
    <Project Path="levels/L05-library-stack/solutions/L5-08-byte-reader/L5-08-byte-reader.csproj" />
    <Project Path="levels/L05-library-stack/solutions/L5-boss-order-report/L5-boss-order-report.csproj" />
  </Folder>
  <Folder Name="/L06-hardware-runtime/">
    <Project Path="levels/L06-hardware-runtime/solutions/L6-01-matrix-walk/L6-01-matrix-walk.csproj" />
    <Project Path="levels/L06-hardware-runtime/solutions/L6-02-particle-sweep/L6-02-particle-sweep.csproj" />
    <Project Path="levels/L06-hardware-runtime/solutions/L6-03-threshold-count/L6-03-threshold-count.csproj" />
    <Project Path="levels/L06-hardware-runtime/solutions/L6-04-worker-counters/L6-04-worker-counters.csproj" />
    <Project Path="levels/L06-hardware-runtime/solutions/L6-05-transform-batch/L6-05-transform-batch.csproj" />
    <Project Path="levels/L06-hardware-runtime/solutions/L6-06-shape-areas/L6-06-shape-areas.csproj" />
    <Project Path="levels/L06-hardware-runtime/solutions/L6-07-warmup-curve/L6-07-warmup-curve.csproj" />
    <Project Path="levels/L06-hardware-runtime/solutions/L6-08-count-matches/L6-08-count-matches.csproj" />
    <Project Path="levels/L06-hardware-runtime/solutions/L6-10-bit-counts/L6-10-bit-counts.csproj" />
    <Project Path="levels/L06-hardware-runtime/solutions/L6-boss-sensor-grid/L6-boss-sensor-grid.csproj" />
  </Folder>
  <Folder Name="/L07-boss-fights/">
    <Project Path="levels/L07-boss-fights/solutions/L7-01-checkout-service/L7-01-checkout-service.csproj" />
    <Project Path="levels/L07-boss-fights/solutions/L7-02-phantom-leak/L7-02-phantom-leak.csproj" />
    <Project Path="levels/L07-boss-fights/solutions/L7-03-works-on-my-laptop/L7-03-works-on-my-laptop.csproj" />
    <Project Path="levels/L07-boss-fights/solutions/L7-04-observer-effect/L7-04-observer-effect.csproj" />
  </Folder>
  <Folder Name="/L09-request-pipeline/">
    <Project Path="levels/L09-request-pipeline/solutions/L9-01-hello-tax/L9-01-hello-tax.csproj" />
    <Project Path="levels/L09-request-pipeline/solutions/L9-02-pipeline-tax/L9-02-pipeline-tax.csproj" />
    <Project Path="levels/L09-request-pipeline/solutions/L9-03-chatty-writer/L9-03-chatty-writer.csproj" />
    <Project Path="levels/L09-request-pipeline/solutions/L9-04-di-lifetimes/L9-04-di-lifetimes.csproj" />
    <Project Path="levels/L09-request-pipeline/solutions/L9-05-body-buffering/L9-05-body-buffering.csproj" />
    <Project Path="levels/L09-request-pipeline/solutions/L9-boss-storefront-checkout/L9-boss-storefront-checkout.csproj" />
  </Folder>
  <Folder Name="/L10-async-under-load/">
    <Project Path="levels/L10-async-under-load/solutions/L10-01-sync-over-async/L10-01-sync-over-async.csproj" />
    <Project Path="levels/L10-async-under-load/solutions/L10-02-blocking-in-async/L10-02-blocking-in-async.csproj" />
    <Project Path="levels/L10-async-under-load/solutions/L10-03-endpoint-fan-out/L10-03-endpoint-fan-out.csproj" />
    <Project Path="levels/L10-async-under-load/solutions/L10-04-rate-gate/L10-04-rate-gate.csproj" />
    <Project Path="levels/L10-async-under-load/solutions/L10-05-cancellation/L10-05-cancellation.csproj" />
    <Project Path="levels/L10-async-under-load/solutions/L10-06-fire-and-forget/L10-06-fire-and-forget.csproj" />
    <Project Path="levels/L10-async-under-load/solutions/L10-boss-async-quotes/L10-boss-async-quotes.csproj" />
  </Folder>
  <Folder Name="/L11-data-access/">
    <Project Path="levels/L11-data-access/solutions/L11-01-endpoint-n-plus-one/L11-01-endpoint-n-plus-one.csproj" />
    <Project Path="levels/L11-data-access/solutions/L11-03-cartesian-include/L11-03-cartesian-include.csproj" />
    <Project Path="levels/L11-data-access/solutions/L11-04-pool-exhaustion/L11-04-pool-exhaustion.csproj" />
    <Project Path="levels/L11-data-access/solutions/L11-06-dbcontext-lifetime/L11-06-dbcontext-lifetime.csproj" />
    <Project Path="levels/L11-data-access/solutions/L11-boss-orders-service/L11-boss-orders-service.csproj" />
  </Folder>
  <Folder Name="/L12-caching-outbound/">
    <Project Path="levels/L12-caching-outbound/solutions/L12-01-client-lifetime/L12-01-client-lifetime.csproj" />
    <Project Path="levels/L12-caching-outbound/solutions/L12-02-cache-stampede/L12-02-cache-stampede.csproj" />
    <Project Path="levels/L12-caching-outbound/solutions/L12-03-unbounded-memory-cache/L12-03-unbounded-memory-cache.csproj" />
    <Project Path="levels/L12-caching-outbound/solutions/L12-04-output-cache/L12-04-output-cache.csproj" />
    <Project Path="levels/L12-caching-outbound/solutions/L12-05-retry-storm/L12-05-retry-storm.csproj" />
    <Project Path="levels/L12-caching-outbound/solutions/L12-boss-catalog-service/L12-boss-catalog-service.csproj" />
  </Folder>
  <Folder Name="/L13-hosting/">
    <Project Path="levels/L13-hosting/solutions/L13-03-connection-churn/L13-03-connection-churn.csproj" />
    <Project Path="levels/L13-hosting/solutions/L13-04-log-sink/L13-04-log-sink.csproj" />
  </Folder>
  <Folder Name="/L14-capstones/">
    <Project Path="levels/L14-capstones/solutions/L14-01-black-friday/L14-01-black-friday.csproj" />
    <Project Path="levels/L14-capstones/solutions/L14-03-oom-killed/L14-03-oom-killed.csproj" />
  </Folder>
  <Folder Name="/src/">
    <Project Path="src/PerfLab.Harness.Web/PerfLab.Harness.Web.csproj" />
    <Project Path="src/PerfLab.Harness/PerfLab.Harness.csproj" />
  </Folder>
</Solution>
